
Microsoft Visual Studio Solution File, Format Version 12.00
# Visual Studio Version 16
VisualStudioVersion = 16.0.30804.86
MinimumVisualStudioVersion = 10.0.40219.1
Project("{FAE04EC0-301F-11D3-BF4B-00C04F79EFBC}") = "WpfApp1", "WpfApp1\WpfApp1.csproj", "{4DC5581D-B62D-4BBC-B799-B0A83E72CC48}"
EndProject
Global
	GlobalSection(SolutionConfigurationPlatforms) = preSolution
		Debug|Any CPU = Debug|Any CPU
		Release|Any CPU = Release|Any CPU
	EndGlobalSection
	GlobalSection(ProjectConfigurationPlatforms) = postSolution
		{4DC5581D-B62D-4BBC-B799-B0A83E72CC48}.Debug|Any CPU.ActiveCfg = Debug|Any CPU
		{4DC5581D-B62D-4BBC-B799-B0A83E72CC48}.Debug|Any CPU.Build.0 = Debug|Any CPU
		{4DC5581D-B62D-4BBC-B799-B0A83E72CC48}.Release|Any CPU.ActiveCfg = Release|Any CPU
		{4DC5581D-B62D-4BBC-B799-B0A83E72CC48}.Release|Any CPU.Build.0 = Release|Any CPU
	EndGlobalSection
	GlobalSection(SolutionProperties) = preSolution
		HideSolutionNode = FALSE
	EndGlobalSection
	GlobalSection(ExtensibilityGlobals) = postSolution
		SolutionGuid = {A01EDD27-2983-4D00-9BD6-BA79697211A5}
	EndGlobalSection
EndGlobal
